<?xml version="1.0" encoding="utf-8"?>
<Project ToolsVersion="4.0" xmlns="http://schemas.microsoft.com/developer/msbuild/2003">
  <ItemGroup>
    <Filter Include="Source Files">
      <UniqueIdentifier>{4FC737F1-C7A5-4376-A066-2A32D752A2FF}</UniqueIdentifier>
      <Extensions>cpp;c;cc;cxx;c++;cppm;ixx;def;odl;idl;hpj;bat;asm;asmx</Extensions>
    </Filter>
    <Filter Include="Header Files">
      <UniqueIdentifier>{93995380-89BD-4b04-88EB-625FBE52EBFB}</UniqueIdentifier>
      <Extensions>h;hh;hpp;hxx;h++;hm;inl;inc;ipp;xsd</Extensions>
    </Filter>
    <Filter Include="Resource Files">
      <UniqueIdentifier>{67DA6AB6-F800-4c08-8B7A-83BB121AAD01}</UniqueIdentifier>
      <Extensions>rc;ico;cur;bmp;dlg;rc2;rct;bin;rgs;gif;jpg;jpeg;jpe;resx;tiff;tif;png;wav;mfcribbon-ms</Extensions>
    </Filter>
    <Filter Include="Header Files\Shape">
      <UniqueIdentifier>{ea31b77b-bba8-4d49-8895-4145aa2a76fd}</UniqueIdentifier>
    </Filter>
    <Filter Include="Source Files\InterfacePrint">
      <UniqueIdentifier>{4ba7b722-2443-481c-8c65-82e0e9bd027e}</UniqueIdentifier>
    </Filter>
    <Filter Include="Header Files\InterfacePrint">
      <UniqueIdentifier>{e0d66395-b994-45bf-8a81-88c2c472ec44}</UniqueIdentifier>
    </Filter>
    <Filter Include="Source Files\InterfaceParser">
      <UniqueIdentifier>{c84b2173-ebad-43ee-8e52-5afeb2c862a1}</UniqueIdentifier>
    </Filter>
    <Filter Include="Header Files\InterfaceParser">
      <UniqueIdentifier>{24b3a0b1-58d3-49fb-8635-92e3320ae98d}</UniqueIdentifier>
    </Filter>
    <Filter Include="Source Files\Shape">
      <UniqueIdentifier>{ffa83cc7-3b3f-42e0-be44-022cafa9166e}</UniqueIdentifier>
    </Filter>
  </ItemGroup>
  <ItemGroup>
    <ClCompile Include="main.cpp">
      <Filter>Source Files</Filter>
    </ClCompile>
    <ClCompile Include="ParserFactory.cpp">
      <Filter>Source Files</Filter>
    </ClCompile>
    <ClCompile Include="CirclePrinter.cpp">
      <Filter>Source Files\InterfacePrint</Filter>
    </ClCompile>
    <ClCompile Include="RectanglePrinter.cpp">
      <Filter>Source Files\InterfacePrint</Filter>
    </ClCompile>
    <ClCompile Include="Circle.cpp">
      <Filter>Source Files\Shape</Filter>
    </ClCompile>
    <ClCompile Include="Ellipse.cpp">
      <Filter>Source Files\Shape</Filter>
    </ClCompile>
    <ClCompile Include="Rectangle.cpp">
      <Filter>Source Files\Shape</Filter>
    </ClCompile>
    <ClCompile Include="Rhombus.cpp">
      <Filter>Source Files\Shape</Filter>
    </ClCompile>
    <ClCompile Include="Shape.cpp">
      <Filter>Source Files\Shape</Filter>
    </ClCompile>
    <ClCompile Include="Square.cpp">
      <Filter>Source Files\Shape</Filter>
    </ClCompile>
    <ClCompile Include="Triangle.cpp">
      <Filter>Source Files\Shape</Filter>
    </ClCompile>
    <ClCompile Include="IParser.cpp">
      <Filter>Source Files\InterfaceParser</Filter>
    </ClCompile>
    <ClCompile Include="TrianglePrinter.cpp">
      <Filter>Source Files\InterfacePrint</Filter>
    </ClCompile>
    <ClCompile Include="SquarePrinter.cpp">
      <Filter>Source Files\InterfacePrint</Filter>
    </ClCompile>
    <ClCompile Include="RhombusPrinter.cpp">
      <Filter>Source Files\InterfacePrint</Filter>
    </ClCompile>
    <ClCompile Include="EllipsePrinter.cpp">
      <Filter>Source Files\InterfacePrint</Filter>
    </ClCompile>
  </ItemGroup>
  <ItemGroup>
    <ClInclude Include="ParserFactory.h">
      <Filter>Header Files</Filter>
    </ClInclude>
    <ClInclude Include="CirclePrinter.h">
      <Filter>Header Files\InterfacePrint</Filter>
    </ClInclude>
    <ClInclude Include="IPrint.h">
      <Filter>Header Files\InterfacePrint</Filter>
    </ClInclude>
    <ClInclude Include="RectanglePrinter.h">
      <Filter>Header Files\InterfacePrint</Filter>
    </ClInclude>
    <ClInclude Include="Circle.h">
      <Filter>Header Files\Shape</Filter>
    </ClInclude>
    <ClInclude Include="Ellipse.h">
      <Filter>Header Files\Shape</Filter>
    </ClInclude>
    <ClInclude Include="Rectangle.h">
      <Filter>Header Files\Shape</Filter>
    </ClInclude>
    <ClInclude Include="Rhombus.h">
      <Filter>Header Files\Shape</Filter>
    </ClInclude>
    <ClInclude Include="Shape.h">
      <Filter>Header Files\Shape</Filter>
    </ClInclude>
    <ClInclude Include="Square.h">
      <Filter>Header Files\Shape</Filter>
    </ClInclude>
    <ClInclude Include="Triangle.h">
      <Filter>Header Files\Shape</Filter>
    </ClInclude>
    <ClInclude Include="IParser.h">
      <Filter>Header Files\InterfaceParser</Filter>
    </ClInclude>
    <ClInclude Include="TrianglePrinter.h">
      <Filter>Header Files\InterfacePrint</Filter>
    </ClInclude>
    <ClInclude Include="EllipsePrinter.h">
      <Filter>Header Files\InterfacePrint</Filter>
    </ClInclude>
    <ClInclude Include="SquarePrinter.h">
      <Filter>Header Files\InterfacePrint</Filter>
    </ClInclude>
    <ClInclude Include="RhombusPrinter.h">
      <Filter>Header Files\InterfacePrint</Filter>
    </ClInclude>
  </ItemGroup>
  <ItemGroup>
    <Text Include="shapes.txt">
      <Filter>Resource Files</Filter>
    </Text>
  </ItemGroup>
</Project>